{
  "name": "fhc-promise",
  "version": "1.0.1",
  "lockfileVersion": 1,
  "dependencies": {
    "fh-fhc": {
      "version": "http://npm.skunkhenry.com/fh-fhc/-/fh-fhc-2.18.0-546.tgz",
      "integrity": "sha1-oFEpZsFUKALBipcIyRYu2uUCvVI=",
      "dependencies": {
        "async": {
          "version": "https://registry.npmjs.org/async/-/async-0.2.9.tgz",
          "integrity": "sha1-32MGD789Myhqdqr21Vophtn/hhk="
        },
        "cheerio": {
          "version": "https://registry.npmjs.org/cheerio/-/cheerio-0.10.8.tgz",
          "integrity": "sha1-7OWtDIuqm5rchzlLvbHGi8RVK6A=",
          "dependencies": {
            "cheerio-select": {
              "version": "https://registry.npmjs.org/cheerio-select/-/cheerio-select-0.0.3.tgz",
              "integrity": "sha1-PyQgEU88ywsbB1wkXM+q5dYXo4g=",
              "dependencies": {
                "CSSselect": {
                  "version": "https://registry.npmjs.org/CSSselect/-/CSSselect-0.7.0.tgz",
                  "integrity": "sha1-5AVMZ7RnRl88lQDA2gqnh4xLq9I=",
                  "dependencies": {
                    "boolbase": {
                      "version": "https://registry.npmjs.org/boolbase/-/boolbase-1.0.0.tgz",
                      "integrity": "sha1-aN/1++YMUes3cl6p4+0xDcwed24="
                    },
                    "CSSwhat": {
                      "version": "https://registry.npmjs.org/CSSwhat/-/CSSwhat-0.4.7.tgz",
                      "integrity": "sha1-hn2g/zn3eGEyQsRM/qg/CqTr35s="
                    },
                    "domutils": {
                      "version": "https://registry.npmjs.org/domutils/-/domutils-1.4.3.tgz",
                      "integrity": "sha1-CGVRN5bGswYDGFDhdVFrr4C3Km8=",
                      "dependencies": {
                        "domelementtype": {
                          "version": "https://registry.npmjs.org/domelementtype/-/domelementtype-1.3.0.tgz",
                          "integrity": "sha1-sXrtguirWeUt2cGbF1bg/BhyBMI="
                        }
                      }
                    },
                    "nth-check": {
                      "version": "https://registry.npmjs.org/nth-check/-/nth-check-1.0.1.tgz",
                      "integrity": "sha1-mSms32KPwsQQmN6rgqxYDPFJquQ="
                    }
                  }
                }
              }
            },
            "entities": {
              "version": "https://registry.npmjs.org/entities/-/entities-0.5.0.tgz",
              "integrity": "sha1-9hHLWuIhBQ4AEsZpeVA/164ZzEk="
            },
            "htmlparser2": {
              "version": "https://registry.npmjs.org/htmlparser2/-/htmlparser2-2.6.0.tgz",
              "integrity": "sha1-soVk6p0bpWoQSs5qew/dovMVg28=",
              "dependencies": {
                "domelementtype": {
                  "version": "https://registry.npmjs.org/domelementtype/-/domelementtype-1.3.0.tgz",
                  "integrity": "sha1-sXrtguirWeUt2cGbF1bg/BhyBMI="
                },
                "domhandler": {
                  "version": "https://registry.npmjs.org/domhandler/-/domhandler-2.0.3.tgz",
                  "integrity": "sha1-iJ+N9iZAOvB4jinWbV1cb36/D9Y="
                },
                "domutils": {
                  "version": "https://registry.npmjs.org/domutils/-/domutils-1.0.1.tgz",
                  "integrity": "sha1-WLWNd0d0kRVWwWuLAtmcYJ2YeGk="
                }
              }
            },
            "underscore": {
              "version": "https://registry.npmjs.org/underscore/-/underscore-1.4.4.tgz",
              "integrity": "sha1-YaajIBBiKvoHljvzJSA88SI51gQ="
            }
          }
        },
        "cli-table": {
          "version": "https://registry.npmjs.org/cli-table/-/cli-table-0.0.2.tgz",
          "integrity": "sha1-mChn4WQ1Mlxmwgih5xuVM26jCTs=",
          "dependencies": {
            "colors": {
              "version": "https://registry.npmjs.org/colors/-/colors-0.3.0.tgz",
              "integrity": "sha1-wkfWTTTbDKTcjkPz7NbamNCvlOc="
            }
          }
        },
        "cli-tree": {
          "version": "https://registry.npmjs.org/cli-tree/-/cli-tree-0.0.1.tgz",
          "integrity": "sha1-k7Swz6WXOHXhBBRrm/EvXELTgfk="
        },
        "colors": {
          "version": "https://registry.npmjs.org/colors/-/colors-0.6.2.tgz",
          "integrity": "sha1-JCP+ZnisDF2uiFLl0OW+CMmXq8w="
        },
        "findit": {
          "version": "https://registry.npmjs.org/findit/-/findit-2.0.0.tgz",
          "integrity": "sha1-ZQnwEmr0wXhVHPqZOU4DLhOk1W4="
        },
        "fstream": {
          "version": "https://registry.npmjs.org/fstream/-/fstream-0.1.22.tgz",
          "integrity": "sha1-W75m2jVrNALx4whj/K9kgUmTzKY=",
          "dependencies": {
            "graceful-fs": {
              "version": "https://registry.npmjs.org/graceful-fs/-/graceful-fs-1.2.3.tgz",
              "integrity": "sha1-FaSAaldUfLLS2/J/QuiajDRRs2Q="
            },
            "inherits": {
              "version": "https://registry.npmjs.org/inherits/-/inherits-1.0.2.tgz",
              "integrity": "sha1-ykMJ2t7mtUzAuNJH6NfHoJdb3Js="
            },
            "mkdirp": {
              "version": "https://registry.npmjs.org/mkdirp/-/mkdirp-0.3.5.tgz",
              "integrity": "sha1-3j5fiWHIjHh+4TaN+EmsRBPsqNc="
            },
            "rimraf": {
              "version": "https://registry.npmjs.org/rimraf/-/rimraf-2.5.4.tgz",
              "integrity": "sha1-loAAk8vxoMhr2VtGJUZ1NcKd+gQ=",
              "dependencies": {
                "glob": {
                  "version": "https://registry.npmjs.org/glob/-/glob-7.1.1.tgz",
                  "integrity": "sha1-gFIR3wT6rxxjo2ADBs31reULLsg=",
                  "dependencies": {
                    "fs.realpath": {
                      "version": "https://registry.npmjs.org/fs.realpath/-/fs.realpath-1.0.0.tgz",
                      "integrity": "sha1-FQStJSMVjKpA20onh8sBQRmU6k8="
                    },
                    "inflight": {
                      "version": "https://registry.npmjs.org/inflight/-/inflight-1.0.6.tgz",
                      "integrity": "sha1-Sb1jMdfQLQwJvJEKEHW6gWW1bfk=",
                      "dependencies": {
                        "wrappy": {
                          "version": "https://registry.npmjs.org/wrappy/-/wrappy-1.0.2.tgz",
                          "integrity": "sha1-tSQ9jz7BqjXxNkYFvA0QNuMKtp8="
                        }
                      }
                    },
                    "inherits": {
                      "version": "https://registry.npmjs.org/inherits/-/inherits-2.0.3.tgz",
                      "integrity": "sha1-Yzwsg+PaQqUC9SRmAiSA9CCCYd4="
                    },
                    "minimatch": {
                      "version": "https://registry.npmjs.org/minimatch/-/minimatch-3.0.3.tgz",
                      "integrity": "sha1-Kk5AkLlrLbBqnX3wEFWmKnfJt3Q=",
                      "dependencies": {
                        "brace-expansion": {
                          "version": "https://registry.npmjs.org/brace-expansion/-/brace-expansion-1.1.6.tgz",
                          "integrity": "sha1-cZfX6qm4fmSDkOph/GbIRCdCDfk=",
                          "dependencies": {
                            "balanced-match": {
                              "version": "https://registry.npmjs.org/balanced-match/-/balanced-match-0.4.2.tgz",
                              "integrity": "sha1-yz8+PHMtwPAe5wtAPzAuYddwmDg="
                            },
                            "concat-map": {
                              "version": "https://registry.npmjs.org/concat-map/-/concat-map-0.0.1.tgz",
                              "integrity": "sha1-2Klr13/Wjfd5OnMDajug1UBdR3s="
                            }
                          }
                        }
                      }
                    },
                    "path-is-absolute": {
                      "version": "https://registry.npmjs.org/path-is-absolute/-/path-is-absolute-1.0.1.tgz",
                      "integrity": "sha1-F0uSaHNVNP+8es5r9TpanhtcX18="
                    }
                  }
                }
              }
            }
          }
        },
        "mime": {
          "version": "https://registry.npmjs.org/mime/-/mime-1.2.9.tgz",
          "integrity": "sha1-AJzUCGe9Nd5SGzuWbwTi+NTRPQk="
        },
        "moment": {
          "version": "https://registry.npmjs.org/moment/-/moment-2.0.0.tgz",
          "integrity": "sha1-K7xbRMMhg3aTq278rb1G7ZRiEf4="
        },
        "node-gettext": {
          "version": "https://registry.npmjs.org/node-gettext/-/node-gettext-1.1.0.tgz",
          "integrity": "sha1-6WzZeyiShxNzgdZLbTPKThkfKfo=",
          "dependencies": {
            "gettext-parser": {
              "version": "https://registry.npmjs.org/gettext-parser/-/gettext-parser-1.2.0.tgz",
              "integrity": "sha1-8ZSqujvHAZtxZGyXMyf3WKYe7jo=",
              "dependencies": {
                "encoding": {
                  "version": "https://registry.npmjs.org/encoding/-/encoding-0.1.12.tgz",
                  "integrity": "sha1-U4tm8+5izRq1HsMjgp0flIDHS+s=",
                  "dependencies": {
                    "iconv-lite": {
                      "version": "https://registry.npmjs.org/iconv-lite/-/iconv-lite-0.4.13.tgz",
                      "integrity": "sha1-H4irpKsLFQjoMSrMOTRfNumS4vI="
                    }
                  }
                }
              }
            }
          }
        },
        "nopt": {
          "version": "https://registry.npmjs.org/nopt/-/nopt-1.0.0.tgz",
          "integrity": "sha1-p4bUObCcFC3KdLCynvFFjaUON9g=",
          "dependencies": {
            "abbrev": {
              "version": "https://registry.npmjs.org/abbrev/-/abbrev-1.0.9.tgz",
              "integrity": "sha1-kbR5JYinc4wl813W9jdSovh3YTU="
            }
          }
        },
        "once": {
          "version": "https://registry.npmjs.org/once/-/once-1.4.0.tgz",
          "integrity": "sha1-WDsap3WWHUsROsF9nFC6753Xa9E=",
          "dependencies": {
            "wrappy": {
              "version": "https://registry.npmjs.org/wrappy/-/wrappy-1.0.2.tgz",
              "integrity": "sha1-tSQ9jz7BqjXxNkYFvA0QNuMKtp8="
            }
          }
        },
        "open": {
          "version": "https://registry.npmjs.org/open/-/open-0.0.5.tgz",
          "integrity": "sha1-QsPhjslUZra/DcQvOilFw/DK2Pw="
        },
        "os-locale": {
          "version": "https://registry.npmjs.org/os-locale/-/os-locale-1.4.0.tgz",
          "integrity": "sha1-IPnxeuKe00XoveWDsT0gCYA8FNk=",
          "dependencies": {
            "lcid": {
              "version": "https://registry.npmjs.org/lcid/-/lcid-1.0.0.tgz",
              "integrity": "sha1-MIrMr6C8SDo4Z7S28rlQYlHRuDU=",
              "dependencies": {
                "invert-kv": {
                  "version": "https://registry.npmjs.org/invert-kv/-/invert-kv-1.0.0.tgz",
                  "integrity": "sha1-EEqOSqym09jNFXqO+L+rLXo//bY="
                }
              }
            }
          }
        },
        "progress": {
          "version": "https://registry.npmjs.org/progress/-/progress-1.1.8.tgz",
          "integrity": "sha1-4mDHj2Fhzdmw5WzD4Khd4Xx6V74="
        },
        "request": {
          "version": "https://registry.npmjs.org/request/-/request-2.74.0.tgz",
          "integrity": "sha1-dpPKdou7DqXIzgjAhKRe+gW4kqs=",
          "dependencies": {
            "aws-sign2": {
              "version": "https://registry.npmjs.org/aws-sign2/-/aws-sign2-0.6.0.tgz",
              "integrity": "sha1-FDQt0428yU0OW4fXY81jYSwOeU8="
            },
            "aws4": {
              "version": "https://registry.npmjs.org/aws4/-/aws4-1.5.0.tgz",
              "integrity": "sha1-Cin/t5wxyecS7rCH6OemS0pW11U="
            },
            "bl": {
              "version": "https://registry.npmjs.org/bl/-/bl-1.1.2.tgz",
              "integrity": "sha1-/cqHGplxOqANGeO7ukHER4emU5g=",
              "dependencies": {
                "readable-stream": {
                  "version": "https://registry.npmjs.org/readable-stream/-/readable-stream-2.0.6.tgz",
                  "integrity": "sha1-j5A0HmilPMySh4jaz80Rs265t44=",
                  "dependencies": {
                    "core-util-is": {
                      "version": "https://registry.npmjs.org/core-util-is/-/core-util-is-1.0.2.tgz",
                      "integrity": "sha1-tf1UIgqivFq1eqtxQMlAdUUDwac="
                    },
                    "inherits": {
                      "version": "https://registry.npmjs.org/inherits/-/inherits-2.0.3.tgz",
                      "integrity": "sha1-Yzwsg+PaQqUC9SRmAiSA9CCCYd4="
                    },
                    "isarray": {
                      "version": "https://registry.npmjs.org/isarray/-/isarray-1.0.0.tgz",
                      "integrity": "sha1-u5NdSFgsuhaMBoNJV6VKPgcSTxE="
                    },
                    "process-nextick-args": {
                      "version": "https://registry.npmjs.org/process-nextick-args/-/process-nextick-args-1.0.7.tgz",
                      "integrity": "sha1-FQ4gt1ZZCtP5EJPyWk8q2L/zC6M="
                    },
                    "string_decoder": {
                      "version": "https://registry.npmjs.org/string_decoder/-/string_decoder-0.10.31.tgz",
                      "integrity": "sha1-YuIDvEF2bGwoyfyEMB2rHFMQ+pQ="
                    },
                    "util-deprecate": {
                      "version": "https://registry.npmjs.org/util-deprecate/-/util-deprecate-1.0.2.tgz",
                      "integrity": "sha1-RQ1Nyfpw3nMnYvvS1KKJgUGaDM8="
                    }
                  }
                }
              }
            },
            "caseless": {
              "version": "https://registry.npmjs.org/caseless/-/caseless-0.11.0.tgz",
              "integrity": "sha1-cVuW6phBWTzDMGeSP17GDr2k99c="
            },
            "combined-stream": {
              "version": "https://registry.npmjs.org/combined-stream/-/combined-stream-1.0.5.tgz",
              "integrity": "sha1-k4NwpXtKUd6ix3wV1cX9+JUWQAk=",
              "dependencies": {
                "delayed-stream": {
                  "version": "https://registry.npmjs.org/delayed-stream/-/delayed-stream-1.0.0.tgz",
                  "integrity": "sha1-3zrhmayt+31ECqrgsp4icrJOxhk="
                }
              }
            },
            "extend": {
              "version": "https://registry.npmjs.org/extend/-/extend-3.0.0.tgz",
              "integrity": "sha1-WkdDU7nzNT3dgXbf03uRyDpG8dQ="
            },
            "forever-agent": {
              "version": "https://registry.npmjs.org/forever-agent/-/forever-agent-0.6.1.tgz",
              "integrity": "sha1-+8cfDEGt6zf5bFd60e1C2P2sypE="
            },
            "form-data": {
              "version": "https://registry.npmjs.org/form-data/-/form-data-1.0.1.tgz",
              "integrity": "sha1-rjFduaSQf6BlUCMEpm13M0de43w=",
              "dependencies": {
                "async": {
                  "version": "https://registry.npmjs.org/async/-/async-2.1.2.tgz",
                  "integrity": "sha1-YSpKtF70KnDN6Aa62G7m2wR+g4U=",
                  "dependencies": {
                    "lodash": {
                      "version": "https://registry.npmjs.org/lodash/-/lodash-4.16.6.tgz",
                      "integrity": "sha1-0iyaxmAojzhD4Wun0rXQbMon13c="
                    }
                  }
                }
              }
            },
            "har-validator": {
              "version": "https://registry.npmjs.org/har-validator/-/har-validator-2.0.6.tgz",
              "integrity": "sha1-zcvAgYgmWtEZtqWnyKtw7s+10n0=",
              "dependencies": {
                "chalk": {
                  "version": "https://registry.npmjs.org/chalk/-/chalk-1.1.3.tgz",
                  "integrity": "sha1-qBFcVeSnAv5NFQq9OHKCKn4J/Jg=",
                  "dependencies": {
                    "ansi-styles": {
                      "version": "https://registry.npmjs.org/ansi-styles/-/ansi-styles-2.2.1.tgz",
                      "integrity": "sha1-tDLdM1i2NM914eRmQ2gkBTPB3b4="
                    },
                    "escape-string-regexp": {
                      "version": "https://registry.npmjs.org/escape-string-regexp/-/escape-string-regexp-1.0.5.tgz",
                      "integrity": "sha1-G2HAViGQqN/2rjuyzwIAyhMLhtQ="
                    },
                    "has-ansi": {
                      "version": "https://registry.npmjs.org/has-ansi/-/has-ansi-2.0.0.tgz",
                      "integrity": "sha1-NPUEnOHs3ysGSa8+8k5F7TVBbZE=",
                      "dependencies": {
                        "ansi-regex": {
                          "version": "https://registry.npmjs.org/ansi-regex/-/ansi-regex-2.0.0.tgz",
                          "integrity": "sha1-xQYbbg74qBd15Q9dZhUb9r83EQc="
                        }
                      }
                    },
                    "strip-ansi": {
                      "version": "https://registry.npmjs.org/strip-ansi/-/strip-ansi-3.0.1.tgz",
                      "integrity": "sha1-ajhfuIU9lS1f8F0Oiq+UJ43GPc8=",
                      "dependencies": {
                        "ansi-regex": {
                          "version": "https://registry.npmjs.org/ansi-regex/-/ansi-regex-2.0.0.tgz",
                          "integrity": "sha1-xQYbbg74qBd15Q9dZhUb9r83EQc="
                        }
                      }
                    },
                    "supports-color": {
                      "version": "https://registry.npmjs.org/supports-color/-/supports-color-2.0.0.tgz",
                      "integrity": "sha1-U10EXOa2Nj+kARcIRimZXp3zJMc="
                    }
                  }
                },
                "commander": {
                  "version": "https://registry.npmjs.org/commander/-/commander-2.9.0.tgz",
                  "integrity": "sha1-nJkJQXbhIkDLItbFFGCYQA/g99Q=",
                  "dependencies": {
                    "graceful-readlink": {
                      "version": "https://registry.npmjs.org/graceful-readlink/-/graceful-readlink-1.0.1.tgz",
                      "integrity": "sha1-TK+tdrxi8C+gObL5Tpo906ORpyU="
                    }
                  }
                },
                "is-my-json-valid": {
                  "version": "https://registry.npmjs.org/is-my-json-valid/-/is-my-json-valid-2.15.0.tgz",
                  "integrity": "sha1-k27do8o8IR/ZjzstPgjaQ/eykVs=",
                  "dependencies": {
                    "generate-function": {
                      "version": "https://registry.npmjs.org/generate-function/-/generate-function-2.0.0.tgz",
                      "integrity": "sha1-aFj+fAlpt9TpCTM3ZHrHn2DfvnQ="
                    },
                    "generate-object-property": {
                      "version": "https://registry.npmjs.org/generate-object-property/-/generate-object-property-1.2.0.tgz",
                      "integrity": "sha1-nA4cQDCM6AT0eDYYuTf6iPmdUNA=",
                      "dependencies": {
                        "is-property": {
                          "version": "https://registry.npmjs.org/is-property/-/is-property-1.0.2.tgz",
                          "integrity": "sha1-V/4cTkhHTt1lsJkR8msc1Ald2oQ="
                        }
                      }
                    },
                    "jsonpointer": {
                      "version": "https://registry.npmjs.org/jsonpointer/-/jsonpointer-4.0.0.tgz",
                      "integrity": "sha1-ZmHhYdL8RF8Z+YQwIxNDci4fy9U="
                    },
                    "xtend": {
                      "version": "https://registry.npmjs.org/xtend/-/xtend-4.0.1.tgz",
                      "integrity": "sha1-pcbVMr5lbiPbgg77lDofBJmNY68="
                    }
                  }
                },
                "pinkie-promise": {
                  "version": "https://registry.npmjs.org/pinkie-promise/-/pinkie-promise-2.0.1.tgz",
                  "integrity": "sha1-ITXW36ejWMBprJsXh3YogihFD/o=",
                  "dependencies": {
                    "pinkie": {
                      "version": "https://registry.npmjs.org/pinkie/-/pinkie-2.0.4.tgz",
                      "integrity": "sha1-clVrgM+g1IqXToDnckjoDtT3+HA="
                    }
                  }
                }
              }
            },
            "hawk": {
              "version": "https://registry.npmjs.org/hawk/-/hawk-3.1.3.tgz",
              "integrity": "sha1-B4REvXwWQLD+VA0sm3PVlnjo4cQ=",
              "dependencies": {
                "boom": {
                  "version": "https://registry.npmjs.org/boom/-/boom-2.10.1.tgz",
                  "integrity": "sha1-OciRjO/1eZ+D+UkqhI9iWt0Mdm8="
                },
                "cryptiles": {
                  "version": "https://registry.npmjs.org/cryptiles/-/cryptiles-2.0.5.tgz",
                  "integrity": "sha1-O9/s3GCBR8HGcgL6KR59ylnqo7g="
                },
                "hoek": {
                  "version": "https://registry.npmjs.org/hoek/-/hoek-2.16.3.tgz",
                  "integrity": "sha1-ILt0A9POo5jpHcRxCo/xuCdKJe0="
                },
                "sntp": {
                  "version": "https://registry.npmjs.org/sntp/-/sntp-1.0.9.tgz",
                  "integrity": "sha1-ZUEYTMkK7qbG57NeJlkIJEPGYZg="
                }
              }
            },
            "http-signature": {
              "version": "https://registry.npmjs.org/http-signature/-/http-signature-1.1.1.tgz",
              "integrity": "sha1-33LiZwZs0Kxn+3at+OE0qPvPkb8=",
              "dependencies": {
                "assert-plus": {
                  "version": "https://registry.npmjs.org/assert-plus/-/assert-plus-0.2.0.tgz",
                  "integrity": "sha1-104bh+ev/A24qttwIfP+SBAasjQ="
                },
                "jsprim": {
                  "version": "https://registry.npmjs.org/jsprim/-/jsprim-1.3.1.tgz",
                  "integrity": "sha1-KnJW9wQSop7jZwqspiWZTE3P8lI=",
                  "dependencies": {
                    "extsprintf": {
                      "version": "https://registry.npmjs.org/extsprintf/-/extsprintf-1.0.2.tgz",
                      "integrity": "sha1-4QgOBljjALBilJkMxw4VAiNf1VA="
                    },
                    "json-schema": {
                      "version": "https://registry.npmjs.org/json-schema/-/json-schema-0.2.3.tgz",
                      "integrity": "sha1-tIDIkuWaLwWVTOcnvT8qTogvnhM="
                    },
                    "verror": {
                      "version": "https://registry.npmjs.org/verror/-/verror-1.3.6.tgz",
                      "integrity": "sha1-z/XfEpRtKX0rqu+qJoniW+AcAFw="
                    }
                  }
                },
                "sshpk": {
                  "version": "https://registry.npmjs.org/sshpk/-/sshpk-1.10.1.tgz",
                  "integrity": "sha1-MOGl0ykkSXShr2FREznVla9mOLA=",
                  "dependencies": {
                    "asn1": {
                      "version": "https://registry.npmjs.org/asn1/-/asn1-0.2.3.tgz",
                      "integrity": "sha1-2sh4dxPJlmhJ/IGAd36+nB3fO4Y="
                    },
                    "assert-plus": {
                      "version": "https://registry.npmjs.org/assert-plus/-/assert-plus-1.0.0.tgz",
                      "integrity": "sha1-8S4PPF13sLHN2RRpQuTpbB5N1SU="
                    },
                    "bcrypt-pbkdf": {
                      "version": "https://registry.npmjs.org/bcrypt-pbkdf/-/bcrypt-pbkdf-1.0.0.tgz",
                      "integrity": "sha1-PKdrhSQccXC/fZcD57mqdGMAQNQ=",
                      "optional": true
                    },
                    "dashdash": {
                      "version": "https://registry.npmjs.org/dashdash/-/dashdash-1.14.0.tgz",
                      "integrity": "sha1-KeSGxUGL8PNWA0qZPVFoajPoQUE="
                    },
                    "ecc-jsbn": {
                      "version": "https://registry.npmjs.org/ecc-jsbn/-/ecc-jsbn-0.1.1.tgz",
                      "integrity": "sha1-D8c6ntXw1Tw4GTOYUj735UN3dQU=",
                      "optional": true
                    },
                    "getpass": {
                      "version": "https://registry.npmjs.org/getpass/-/getpass-0.1.6.tgz",
                      "integrity": "sha1-KD/9n8ElaECHUxHBtg6MQBhxEOY="
                    },
                    "jodid25519": {
                      "version": "https://registry.npmjs.org/jodid25519/-/jodid25519-1.0.2.tgz",
                      "integrity": "sha1-BtSRIlUJNBlHfUJWM2BuDpB4KWc=",
                      "optional": true
                    },
                    "jsbn": {
                      "version": "https://registry.npmjs.org/jsbn/-/jsbn-0.1.0.tgz",
                      "integrity": "sha1-ZQmH2g3XT06/WhE3eiqi0nPpff0=",
                      "optional": true
                    },
                    "tweetnacl": {
                      "version": "https://registry.npmjs.org/tweetnacl/-/tweetnacl-0.14.3.tgz",
                      "integrity": "sha1-PaOC9nDyXe1417PReSEZvKC3Ey0=",
                      "optional": true
                    }
                  }
                }
              }
            },
            "is-typedarray": {
              "version": "https://registry.npmjs.org/is-typedarray/-/is-typedarray-1.0.0.tgz",
              "integrity": "sha1-5HnICFjfDBsR3dppQPlgEfzaSpo="
            },
            "isstream": {
              "version": "https://registry.npmjs.org/isstream/-/isstream-0.1.2.tgz",
              "integrity": "sha1-R+Y/evVa+m+S4VAOaQ64uFKcCZo="
            },
            "json-stringify-safe": {
              "version": "https://registry.npmjs.org/json-stringify-safe/-/json-stringify-safe-5.0.1.tgz",
              "integrity": "sha1-Epai1Y/UXxmg9s4B1lcB4sc1tus="
            },
            "mime-types": {
              "version": "https://registry.npmjs.org/mime-types/-/mime-types-2.1.12.tgz",
              "integrity": "sha1-FSuiVndwIN1GY/VMLnvCY4HnFyk=",
              "dependencies": {
                "mime-db": {
                  "version": "https://registry.npmjs.org/mime-db/-/mime-db-1.24.0.tgz",
                  "integrity": "sha1-4tE/k58AFsbk6a0lqGUvEmxGfww="
                }
              }
            },
            "node-uuid": {
              "version": "https://registry.npmjs.org/node-uuid/-/node-uuid-1.4.7.tgz",
              "integrity": "sha1-baWhdmjEs91ZYjvaEc9/pMH2Cm8="
            },
            "oauth-sign": {
              "version": "https://registry.npmjs.org/oauth-sign/-/oauth-sign-0.8.2.tgz",
              "integrity": "sha1-Rqarfwrq2N6unsBWV4C31O/rnUM="
            },
            "qs": {
              "version": "https://registry.npmjs.org/qs/-/qs-6.2.1.tgz",
              "integrity": "sha1-zgPF/wk1vB2daanxTL0Y5WjWdiU="
            },
            "stringstream": {
              "version": "https://registry.npmjs.org/stringstream/-/stringstream-0.0.5.tgz",
              "integrity": "sha1-TkhM1N5aC7vuGORjB3EKioFiGHg="
            },
            "tough-cookie": {
              "version": "https://registry.npmjs.org/tough-cookie/-/tough-cookie-2.3.2.tgz",
              "integrity": "sha1-8IH3bkyFcg5sN6X6ztc3FQ2EByo=",
              "dependencies": {
                "punycode": {
                  "version": "https://registry.npmjs.org/punycode/-/punycode-1.4.1.tgz",
                  "integrity": "sha1-wNWmOycYgArY4esPpSachN1BhF4="
                }
              }
            },
            "tunnel-agent": {
              "version": "https://registry.npmjs.org/tunnel-agent/-/tunnel-agent-0.4.3.tgz",
              "integrity": "sha1-Y3PbdpCf5XDgjXNYM2Xtgop07us="
            }
          }
        },
        "semver": {
          "version": "https://registry.npmjs.org/semver/-/semver-4.3.6.tgz",
          "integrity": "sha1-MAvG4OhjdPe6YQaLWx7NV/xlMto="
        },
        "tabtab": {
          "version": "https://registry.npmjs.org/tabtab/-/tabtab-0.0.2.tgz",
          "integrity": "sha1-pPeLwI89IQqa5lfzp6Lj7yJ2PwI="
        },
        "tar": {
          "version": "https://registry.npmjs.org/tar/-/tar-2.2.1.tgz",
          "integrity": "sha1-jk0qJWwOIYXGsYrWlK7JaLg8sdE=",
          "dependencies": {
            "block-stream": {
              "version": "https://registry.npmjs.org/block-stream/-/block-stream-0.0.9.tgz",
              "integrity": "sha1-E+v+d4oDIFz+A3UUgeu0szAMEmo="
            },
            "fstream": {
              "version": "https://registry.npmjs.org/fstream/-/fstream-1.0.10.tgz",
              "integrity": "sha1-YE6Kkv4m/9n2+uMDmdSYThqyKCI=",
              "dependencies": {
                "graceful-fs": {
                  "version": "https://registry.npmjs.org/graceful-fs/-/graceful-fs-4.1.10.tgz",
                  "integrity": "sha1-8tcgwiCS90Mih3XHXjYSYyUB8TE="
                },
                "mkdirp": {
                  "version": "https://registry.npmjs.org/mkdirp/-/mkdirp-0.5.1.tgz",
                  "integrity": "sha1-MAV0OOrGz3+MR2fzhkjWaX11yQM=",
                  "dependencies": {
                    "minimist": {
                      "version": "https://registry.npmjs.org/minimist/-/minimist-0.0.8.tgz",
                      "integrity": "sha1-hX/Kv8M5fSYluCKCYuhqp6ARsF0="
                    }
                  }
                },
                "rimraf": {
                  "version": "https://registry.npmjs.org/rimraf/-/rimraf-2.5.4.tgz",
                  "integrity": "sha1-loAAk8vxoMhr2VtGJUZ1NcKd+gQ=",
                  "dependencies": {
                    "glob": {
                      "version": "https://registry.npmjs.org/glob/-/glob-7.1.1.tgz",
                      "integrity": "sha1-gFIR3wT6rxxjo2ADBs31reULLsg=",
                      "dependencies": {
                        "fs.realpath": {
                          "version": "https://registry.npmjs.org/fs.realpath/-/fs.realpath-1.0.0.tgz",
                          "integrity": "sha1-FQStJSMVjKpA20onh8sBQRmU6k8="
                        },
                        "inflight": {
                          "version": "https://registry.npmjs.org/inflight/-/inflight-1.0.6.tgz",
                          "integrity": "sha1-Sb1jMdfQLQwJvJEKEHW6gWW1bfk=",
                          "dependencies": {
                            "wrappy": {
                              "version": "https://registry.npmjs.org/wrappy/-/wrappy-1.0.2.tgz",
                              "integrity": "sha1-tSQ9jz7BqjXxNkYFvA0QNuMKtp8="
                            }
                          }
                        },
                        "minimatch": {
                          "version": "https://registry.npmjs.org/minimatch/-/minimatch-3.0.3.tgz",
                          "integrity": "sha1-Kk5AkLlrLbBqnX3wEFWmKnfJt3Q=",
                          "dependencies": {
                            "brace-expansion": {
                              "version": "https://registry.npmjs.org/brace-expansion/-/brace-expansion-1.1.6.tgz",
                              "integrity": "sha1-cZfX6qm4fmSDkOph/GbIRCdCDfk=",
                              "dependencies": {
                                "balanced-match": {
                                  "version": "https://registry.npmjs.org/balanced-match/-/balanced-match-0.4.2.tgz",
                                  "integrity": "sha1-yz8+PHMtwPAe5wtAPzAuYddwmDg="
                                },
                                "concat-map": {
                                  "version": "https://registry.npmjs.org/concat-map/-/concat-map-0.0.1.tgz",
                                  "integrity": "sha1-2Klr13/Wjfd5OnMDajug1UBdR3s="
                                }
                              }
                            }
                          }
                        },
                        "path-is-absolute": {
                          "version": "https://registry.npmjs.org/path-is-absolute/-/path-is-absolute-1.0.1.tgz",
                          "integrity": "sha1-F0uSaHNVNP+8es5r9TpanhtcX18="
                        }
                      }
                    }
                  }
                }
              }
            },
            "inherits": {
              "version": "https://registry.npmjs.org/inherits/-/inherits-2.0.3.tgz",
              "integrity": "sha1-Yzwsg+PaQqUC9SRmAiSA9CCCYd4="
            }
          }
        },
        "underscore": {
          "version": "https://registry.npmjs.org/underscore/-/underscore-1.8.0.tgz",
          "integrity": "sha1-60C052lNs+N28vQ5L7Ki+AMGPwE="
        },
        "underscore-deep-extend": {
          "version": "https://registry.npmjs.org/underscore-deep-extend/-/underscore-deep-extend-0.0.5.tgz",
          "integrity": "sha1-Eh7qUG+GzMDBsk3GuuHJf5t2cWI="
        },
        "unzip": {
          "version": "https://registry.npmjs.org/unzip/-/unzip-0.1.7.tgz",
          "integrity": "sha1-gcdAFX2e2KOd8pAciHrO7lutx6c=",
          "dependencies": {
            "binary": {
              "version": "https://registry.npmjs.org/binary/-/binary-0.3.0.tgz",
              "integrity": "sha1-n2BVO8XOjDOG87VTz/R0Yq3sqnk=",
              "dependencies": {
                "buffers": {
                  "version": "https://registry.npmjs.org/buffers/-/buffers-0.1.1.tgz",
                  "integrity": "sha1-skV5w77U1tOWru5tmorn9Ugqt7s="
                },
                "chainsaw": {
                  "version": "https://registry.npmjs.org/chainsaw/-/chainsaw-0.1.0.tgz",
                  "integrity": "sha1-XqtQsor+WAdNDVgpE4iCi15fvJg=",
                  "dependencies": {
                    "traverse": {
                      "version": "https://registry.npmjs.org/traverse/-/traverse-0.3.9.tgz",
                      "integrity": "sha1-cXuPIgzAu3tE5AUUwisui7xw2Lk="
                    }
                  }
                }
              }
            },
            "match-stream": {
              "version": "https://registry.npmjs.org/match-stream/-/match-stream-0.0.1.tgz",
              "integrity": "sha1-13POcYsf+kMEkTeYjyUW8AR+S5w=",
              "dependencies": {
                "buffers": {
                  "version": "https://registry.npmjs.org/buffers/-/buffers-0.1.1.tgz",
                  "integrity": "sha1-skV5w77U1tOWru5tmorn9Ugqt7s="
                }
              }
            },
            "pullstream": {
              "version": "https://registry.npmjs.org/pullstream/-/pullstream-0.4.1.tgz",
              "integrity": "sha1-1vs79a7Wl+gxFQ6xACwlo/iuExQ=",
              "dependencies": {
                "over": {
                  "version": "https://registry.npmjs.org/over/-/over-0.0.5.tgz",
                  "integrity": "sha1-8phS5w/X4l82DgE6jsRMgq7bVwg="
                },
                "slice-stream": {
                  "version": "https://registry.npmjs.org/slice-stream/-/slice-stream-1.0.0.tgz",
                  "integrity": "sha1-WzO9ZvATsaf4ZGCwPUY97DmtPqA="
                }
              }
            },
            "readable-stream": {
              "version": "https://registry.npmjs.org/readable-stream/-/readable-stream-1.0.34.tgz",
              "integrity": "sha1-Elgg40vIQtLyqq+v5MKRbuMsFXw=",
              "dependencies": {
                "core-util-is": {
                  "version": "https://registry.npmjs.org/core-util-is/-/core-util-is-1.0.2.tgz",
                  "integrity": "sha1-tf1UIgqivFq1eqtxQMlAdUUDwac="
                },
                "inherits": {
                  "version": "https://registry.npmjs.org/inherits/-/inherits-2.0.3.tgz",
                  "integrity": "sha1-Yzwsg+PaQqUC9SRmAiSA9CCCYd4="
                },
                "isarray": {
                  "version": "https://registry.npmjs.org/isarray/-/isarray-0.0.1.tgz",
                  "integrity": "sha1-ihis/Kmo9Bd+Cav8YDiTmwXR7t8="
                },
                "string_decoder": {
                  "version": "https://registry.npmjs.org/string_decoder/-/string_decoder-0.10.31.tgz",
                  "integrity": "sha1-YuIDvEF2bGwoyfyEMB2rHFMQ+pQ="
                }
              }
            },
            "setimmediate": {
              "version": "https://registry.npmjs.org/setimmediate/-/setimmediate-1.0.5.tgz",
              "integrity": "sha1-KQy7Iy4waULX1+qbg3Mqt4VvgoU="
            }
          }
        },
        "yargs": {
          "version": "https://registry.npmjs.org/yargs/-/yargs-2.1.1.tgz",
          "integrity": "sha1-19/yCkPOY3k0X0ZytuI4vgTk2yE="
        }
      }
    },
    "underscore": {
      "version": "1.8.3",
      "resolved": "https://registry.npmjs.org/underscore/-/underscore-1.8.3.tgz",
      "integrity": "sha1-Tz+1OxBuYJf8+ctBCfKl6b36UCI="
    }
  }
}
